
Microsoft Visual Studio Solution File, Format Version 12.00
Project("{FAE04EC0-301F-11D3-BF4B-00C04F79EFBC}") = "Kiota.QuickStart", "Kiota.QuickStart\Kiota.QuickStart.csproj", "{449C485F-9187-4A8A-9DB2-D59A544F6400}"
EndProject
Project("{2150E333-8FDC-42A3-9474-1A3956D46DE8}") = "CLI", "CLI", "{DC3B31DE-C08A-4735-B8BD-7DE7FA26FF86}"
EndProject
Project("{2150E333-8FDC-42A3-9474-1A3956D46DE8}") = "Web", "Web", "{64C005CA-EC8E-4428-AD7B-85B34367E731}"
EndProject
Project("{FAE04EC0-301F-11D3-BF4B-00C04F79EFBC}") = "Kiota.ClassicHttpCall", "Kiota.ClassicHttpCall\Kiota.ClassicHttpCall.csproj", "{F02C1553-0E0E-4028-80B7-4EA8E54B5CE5}"
EndProject
Project("{FAE04EC0-301F-11D3-BF4B-00C04F79EFBC}") = "Kiota.ApiCall", "Kiota.ApiCall\Kiota.ApiCall.csproj", "{B330B3F1-9894-4508-AFDD-150256AD1F56}"
EndProject
Project("{FAE04EC0-301F-11D3-BF4B-00C04F79EFBC}") = "Kiota.MinimalApi", "Kiota.MinimalApi\Kiota.MinimalApi.csproj", "{9CA73FAF-7AB4-4B35-9E0C-127818CB5366}"
EndProject
Project("{FAE04EC0-301F-11D3-BF4B-00C04F79EFBC}") = "Kiota.SimpleApiCall", "Kiota.SimpleApiCall\Kiota.SimpleApiCall.csproj", "{8D1D5BD6-C31D-4087-9048-58BE71E72352}"
EndProject
Project("{FAE04EC0-301F-11D3-BF4B-00C04F79EFBC}") = "Kiota.OpenApiCall", "Kiota.OpenApiCall\Kiota.OpenApiCall.csproj", "{9AC58917-4CFF-4717-9017-684173B519E9}"
EndProject
Project("{FAE04EC0-301F-11D3-BF4B-00C04F79EFBC}") = "Kiota.AuthenticationExample", "Kiota.AuthenticationExample\Kiota.AuthenticationExample.csproj", "{E023A3F5-DD62-424B-9ED6-7FE6E5B546FA}"
EndProject
Global
	GlobalSection(SolutionConfigurationPlatforms) = preSolution
		Debug|Any CPU = Debug|Any CPU
		Release|Any CPU = Release|Any CPU
	EndGlobalSection
	GlobalSection(ProjectConfigurationPlatforms) = postSolution
		{449C485F-9187-4A8A-9DB2-D59A544F6400}.Debug|Any CPU.ActiveCfg = Debug|Any CPU
		{449C485F-9187-4A8A-9DB2-D59A544F6400}.Debug|Any CPU.Build.0 = Debug|Any CPU
		{449C485F-9187-4A8A-9DB2-D59A544F6400}.Release|Any CPU.ActiveCfg = Release|Any CPU
		{449C485F-9187-4A8A-9DB2-D59A544F6400}.Release|Any CPU.Build.0 = Release|Any CPU
		{F02C1553-0E0E-4028-80B7-4EA8E54B5CE5}.Debug|Any CPU.ActiveCfg = Debug|Any CPU
		{F02C1553-0E0E-4028-80B7-4EA8E54B5CE5}.Debug|Any CPU.Build.0 = Debug|Any CPU
		{F02C1553-0E0E-4028-80B7-4EA8E54B5CE5}.Release|Any CPU.ActiveCfg = Release|Any CPU
		{F02C1553-0E0E-4028-80B7-4EA8E54B5CE5}.Release|Any CPU.Build.0 = Release|Any CPU
		{B330B3F1-9894-4508-AFDD-150256AD1F56}.Debug|Any CPU.ActiveCfg = Debug|Any CPU
		{B330B3F1-9894-4508-AFDD-150256AD1F56}.Debug|Any CPU.Build.0 = Debug|Any CPU
		{B330B3F1-9894-4508-AFDD-150256AD1F56}.Release|Any CPU.ActiveCfg = Release|Any CPU
		{B330B3F1-9894-4508-AFDD-150256AD1F56}.Release|Any CPU.Build.0 = Release|Any CPU
		{9CA73FAF-7AB4-4B35-9E0C-127818CB5366}.Debug|Any CPU.ActiveCfg = Debug|Any CPU
		{9CA73FAF-7AB4-4B35-9E0C-127818CB5366}.Debug|Any CPU.Build.0 = Debug|Any CPU
		{9CA73FAF-7AB4-4B35-9E0C-127818CB5366}.Release|Any CPU.ActiveCfg = Release|Any CPU
		{9CA73FAF-7AB4-4B35-9E0C-127818CB5366}.Release|Any CPU.Build.0 = Release|Any CPU
		{8D1D5BD6-C31D-4087-9048-58BE71E72352}.Debug|Any CPU.ActiveCfg = Debug|Any CPU
		{8D1D5BD6-C31D-4087-9048-58BE71E72352}.Debug|Any CPU.Build.0 = Debug|Any CPU
		{8D1D5BD6-C31D-4087-9048-58BE71E72352}.Release|Any CPU.ActiveCfg = Release|Any CPU
		{8D1D5BD6-C31D-4087-9048-58BE71E72352}.Release|Any CPU.Build.0 = Release|Any CPU
		{9AC58917-4CFF-4717-9017-684173B519E9}.Debug|Any CPU.ActiveCfg = Debug|Any CPU
		{9AC58917-4CFF-4717-9017-684173B519E9}.Debug|Any CPU.Build.0 = Debug|Any CPU
		{9AC58917-4CFF-4717-9017-684173B519E9}.Release|Any CPU.ActiveCfg = Release|Any CPU
		{9AC58917-4CFF-4717-9017-684173B519E9}.Release|Any CPU.Build.0 = Release|Any CPU
		{E023A3F5-DD62-424B-9ED6-7FE6E5B546FA}.Debug|Any CPU.ActiveCfg = Debug|Any CPU
		{E023A3F5-DD62-424B-9ED6-7FE6E5B546FA}.Debug|Any CPU.Build.0 = Debug|Any CPU
		{E023A3F5-DD62-424B-9ED6-7FE6E5B546FA}.Release|Any CPU.ActiveCfg = Release|Any CPU
		{E023A3F5-DD62-424B-9ED6-7FE6E5B546FA}.Release|Any CPU.Build.0 = Release|Any CPU
	EndGlobalSection
	GlobalSection(NestedProjects) = preSolution
		{449C485F-9187-4A8A-9DB2-D59A544F6400} = {DC3B31DE-C08A-4735-B8BD-7DE7FA26FF86}
		{F02C1553-0E0E-4028-80B7-4EA8E54B5CE5} = {DC3B31DE-C08A-4735-B8BD-7DE7FA26FF86}
		{B330B3F1-9894-4508-AFDD-150256AD1F56} = {DC3B31DE-C08A-4735-B8BD-7DE7FA26FF86}
		{9CA73FAF-7AB4-4B35-9E0C-127818CB5366} = {64C005CA-EC8E-4428-AD7B-85B34367E731}
		{8D1D5BD6-C31D-4087-9048-58BE71E72352} = {DC3B31DE-C08A-4735-B8BD-7DE7FA26FF86}
		{9AC58917-4CFF-4717-9017-684173B519E9} = {DC3B31DE-C08A-4735-B8BD-7DE7FA26FF86}
		{E023A3F5-DD62-424B-9ED6-7FE6E5B546FA} = {DC3B31DE-C08A-4735-B8BD-7DE7FA26FF86}
	EndGlobalSection
EndGlobal
